
Microsoft Visual Studio Solution File, Format Version 10.00
# Visual Studio 2008
Project("{FAE04EC0-301F-11D3-BF4B-00C04F79EFBC}") = "ProjectTree", "ProjectTree.csproj", "{2FEA667E-E74E-4909-A16B-37C24C1C5639}"
EndProject
Global
	GlobalSection(SolutionConfigurationPlatforms) = preSolution
		Debug|x86 = Debug|x86
		Release|x86 = Release|x86
	EndGlobalSection
	GlobalSection(ProjectConfigurationPlatforms) = postSolution
		{2FEA667E-E74E-4909-A16B-37C24C1C5639}.Debug|x86.ActiveCfg = Debug|x86
		{2FEA667E-E74E-4909-A16B-37C24C1C5639}.Debug|x86.Build.0 = Debug|x86
		{2FEA667E-E74E-4909-A16B-37C24C1C5639}.Release|x86.ActiveCfg = Release|x86
		{2FEA667E-E74E-4909-A16B-37C24C1C5639}.Release|x86.Build.0 = Release|x86
	EndGlobalSection
	GlobalSection(SolutionProperties) = preSolution
		HideSolutionNode = FALSE
	EndGlobalSection
EndGlobal
